
Microsoft Visual Studio Solution File, Format Version 12.00
# Visual Studio Version 17
VisualStudioVersion = 17.0.31919.166
MinimumVisualStudioVersion = 10.0.40219.1
Project("{FAE04EC0-301F-11D3-BF4B-00C04F79EFBC}") = "Projet1.Android", "Projet1\Projet1.Android\Projet1.Android.csproj", "{1176B849-ABB3-4065-AB88-AB806CCC838C}"
EndProject
Project("{9A19103F-16F7-4668-BE54-9A1E7A4F7556}") = "Projet1", "Projet1\Projet1\Projet1.csproj", "{E78176E3-96BB-423D-ADD0-800F81F4144E}"
EndProject
Project("{FAE04EC0-301F-11D3-BF4B-00C04F79EFBC}") = "Projet1Tests1", "Projet1\Projet1Tests1\Projet1Tests1.csproj", "{F503ABCC-16B0-4559-BC5F-578C03FE3C25}"
EndProject
Global
	GlobalSection(SolutionConfigurationPlatforms) = preSolution
		Debug|Any CPU = Debug|Any CPU
		Release|Any CPU = Release|Any CPU
	EndGlobalSection
	GlobalSection(ProjectConfigurationPlatforms) = postSolution
		{1176B849-ABB3-4065-AB88-AB806CCC838C}.Debug|Any CPU.ActiveCfg = Debug|Any CPU
		{1176B849-ABB3-4065-AB88-AB806CCC838C}.Debug|Any CPU.Build.0 = Debug|Any CPU
		{1176B849-ABB3-4065-AB88-AB806CCC838C}.Debug|Any CPU.Deploy.0 = Debug|Any CPU
		{1176B849-ABB3-4065-AB88-AB806CCC838C}.Release|Any CPU.ActiveCfg = Release|Any CPU
		{1176B849-ABB3-4065-AB88-AB806CCC838C}.Release|Any CPU.Build.0 = Release|Any CPU
		{1176B849-ABB3-4065-AB88-AB806CCC838C}.Release|Any CPU.Deploy.0 = Release|Any CPU
		{E78176E3-96BB-423D-ADD0-800F81F4144E}.Debug|Any CPU.ActiveCfg = Debug|Any CPU
		{E78176E3-96BB-423D-ADD0-800F81F4144E}.Debug|Any CPU.Build.0 = Debug|Any CPU
		{E78176E3-96BB-423D-ADD0-800F81F4144E}.Debug|Any CPU.Deploy.0 = Debug|Any CPU
		{E78176E3-96BB-423D-ADD0-800F81F4144E}.Release|Any CPU.ActiveCfg = Release|Any CPU
		{E78176E3-96BB-423D-ADD0-800F81F4144E}.Release|Any CPU.Build.0 = Release|Any CPU
		{E78176E3-96BB-423D-ADD0-800F81F4144E}.Release|Any CPU.Deploy.0 = Release|Any CPU
		{F503ABCC-16B0-4559-BC5F-578C03FE3C25}.Debug|Any CPU.ActiveCfg = Debug|Any CPU
		{F503ABCC-16B0-4559-BC5F-578C03FE3C25}.Debug|Any CPU.Build.0 = Debug|Any CPU
		{F503ABCC-16B0-4559-BC5F-578C03FE3C25}.Release|Any CPU.ActiveCfg = Release|Any CPU
		{F503ABCC-16B0-4559-BC5F-578C03FE3C25}.Release|Any CPU.Build.0 = Release|Any CPU
	EndGlobalSection
	GlobalSection(SolutionProperties) = preSolution
		HideSolutionNode = FALSE
	EndGlobalSection
	GlobalSection(ExtensibilityGlobals) = postSolution
		SolutionGuid = {4F65BDF5-1304-405F-82AD-AA61732D32DF}
	EndGlobalSection
EndGlobal
